
Microsoft Visual Studio Solution File, Format Version 12.00
# Visual Studio 15
VisualStudioVersion = 15.0.27130.2027
MinimumVisualStudioVersion = 10.0.40219.1
Project("{FAE04EC0-301F-11D3-BF4B-00C04F79EFBC}") = "SportsStore", "SportsStore\SportsStore.csproj", "{BD979224-5665-45D3-BCCC-8039BEA0422D}"
EndProject
Project("{FAE04EC0-301F-11D3-BF4B-00C04F79EFBC}") = "SportsStore.Tests", "SportsStore.Tests\SportsStore.Tests.csproj", "{980AFE3A-4227-4941-BB08-30FDEE40A590}"
EndProject
Global
	GlobalSection(SolutionConfigurationPlatforms) = preSolution
		Debug|Any CPU = Debug|Any CPU
		Release|Any CPU = Release|Any CPU
	EndGlobalSection
	GlobalSection(ProjectConfigurationPlatforms) = postSolution
		{BD979224-5665-45D3-BCCC-8039BEA0422D}.Debug|Any CPU.ActiveCfg = Debug|Any CPU
		{BD979224-5665-45D3-BCCC-8039BEA0422D}.Debug|Any CPU.Build.0 = Debug|Any CPU
		{BD979224-5665-45D3-BCCC-8039BEA0422D}.Release|Any CPU.ActiveCfg = Release|Any CPU
		{BD979224-5665-45D3-BCCC-8039BEA0422D}.Release|Any CPU.Build.0 = Release|Any CPU
		{980AFE3A-4227-4941-BB08-30FDEE40A590}.Debug|Any CPU.ActiveCfg = Debug|Any CPU
		{980AFE3A-4227-4941-BB08-30FDEE40A590}.Debug|Any CPU.Build.0 = Debug|Any CPU
		{980AFE3A-4227-4941-BB08-30FDEE40A590}.Release|Any CPU.ActiveCfg = Release|Any CPU
		{980AFE3A-4227-4941-BB08-30FDEE40A590}.Release|Any CPU.Build.0 = Release|Any CPU
	EndGlobalSection
	GlobalSection(SolutionProperties) = preSolution
		HideSolutionNode = FALSE
	EndGlobalSection
	GlobalSection(ExtensibilityGlobals) = postSolution
		SolutionGuid = {DC08E9B0-77EB-40AF-AB85-B6BBEDF6848D}
	EndGlobalSection
EndGlobal
